
Microsoft Visual Studio Solution File, Format Version 12.00
# Visual Studio Version 17
VisualStudioVersion = 17.5.002.0
MinimumVisualStudioVersion = 10.0.40219.1
Project("{9A19103F-16F7-4668-BE54-9A1E7A4F7556}") = "AlpacaMinimalApi", "AlpacaMinimalApi.csproj", "{31D96515-2755-4B75-89D1-26CDBC50E32D}"
EndProject
Global
	GlobalSection(SolutionConfigurationPlatforms) = preSolution
		Debug|Any CPU = Debug|Any CPU
		Release|Any CPU = Release|Any CPU
	EndGlobalSection
	GlobalSection(ProjectConfigurationPlatforms) = postSolution
		{31D96515-2755-4B75-89D1-26CDBC50E32D}.Debug|Any CPU.ActiveCfg = Debug|Any CPU
		{31D96515-2755-4B75-89D1-26CDBC50E32D}.Debug|Any CPU.Build.0 = Debug|Any CPU
		{31D96515-2755-4B75-89D1-26CDBC50E32D}.Release|Any CPU.ActiveCfg = Release|Any CPU
		{31D96515-2755-4B75-89D1-26CDBC50E32D}.Release|Any CPU.Build.0 = Release|Any CPU
	EndGlobalSection
	GlobalSection(SolutionProperties) = preSolution
		HideSolutionNode = FALSE
	EndGlobalSection
	GlobalSection(ExtensibilityGlobals) = postSolution
		SolutionGuid = {DFC4F6E0-268D-4351-8828-660B705C0244}
	EndGlobalSection
EndGlobal
